// !$*UTF8*$!
{
	archiveVersion = 1;
	classes = {
	};
	objectVersion = 50;
	objects = {

/* Begin PBXBuildFile section */
		1542C8C4247C0E7100C38D3D /* AppDelegate.swift in Sources */ = {isa = PBXBuildFile; fileRef = 1542C8C3247C0E7100C38D3D /* AppDelegate.swift */; };
		1542C8C6247C0E7100C38D3D /* SceneDelegate.swift in Sources */ = {isa = PBXBuildFile; fileRef = 1542C8C5247C0E7100C38D3D /* SceneDelegate.swift */; };
		1542C8C8247C0E7100C38D3D /* ViewController.swift in Sources */ = {isa = PBXBuildFile; fileRef = 1542C8C7247C0E7100C38D3D /* ViewController.swift */; };
		1542C8CB247C0E7100C38D3D /* Main.storyboard in Resources */ = {isa = PBXBuildFile; fileRef = 1542C8C9247C0E7100C38D3D /* Main.storyboard */; };
		1542C8CD247C0E7500C38D3D /* Assets.xcassets in Resources */ = {isa = PBXBuildFile; fileRef = 1542C8CC247C0E7500C38D3D /* Assets.xcassets */; };
		1542C8D0247C0E7500C38D3D /* LaunchScreen.storyboard in Resources */ = {isa = PBXBuildFile; fileRef = 1542C8CE247C0E7500C38D3D /* LaunchScreen.storyboard */; };
		1542C8D8247C15A000C38D3D /* ChoiceViewController.swift in Sources */ = {isa = PBXBuildFile; fileRef = 1542C8D7247C15A000C38D3D /* ChoiceViewController.swift */; };
		1542C8DB247C1A3B00C38D3D /* MainTableViewCell.swift in Sources */ = {isa = PBXBuildFile; fileRef = 1542C8D9247C1A3B00C38D3D /* MainTableViewCell.swift */; };
		1542C8DC247C1A3B00C38D3D /* MainTableViewCell.xib in Resources */ = {isa = PBXBuildFile; fileRef = 1542C8DA247C1A3B00C38D3D /* MainTableViewCell.xib */; };
		1542C8DF247D64DA00C38D3D /* Curruncy.swift in Sources */ = {isa = PBXBuildFile; fileRef = 1542C8DE247D64DA00C38D3D /* Curruncy.swift */; };
		1542C8E1247D64FC00C38D3D /* Gold.swift in Sources */ = {isa = PBXBuildFile; fileRef = 1542C8E0247D64FC00C38D3D /* Gold.swift */; };
		1542C8E3247D657C00C38D3D /* Rate.swift in Sources */ = {isa = PBXBuildFile; fileRef = 1542C8E2247D657C00C38D3D /* Rate.swift */; };
		1542C8E6247D65C500C38D3D /* RawMaterials.swift in Sources */ = {isa = PBXBuildFile; fileRef = 1542C8E5247D65C500C38D3D /* RawMaterials.swift */; };
/* End PBXBuildFile section */

/* Begin PBXFileReference section */
		1542C8C0247C0E7100C38D3D /* WhatYouWant.app */ = {isa = PBXFileReference; explicitFileType = wrapper.application; includeInIndex = 0; path = WhatYouWant.app; sourceTree = BUILT_PRODUCTS_DIR; };
		1542C8C3247C0E7100C38D3D /* AppDelegate.swift */ = {isa = PBXFileReference; lastKnownFileType = sourcecode.swift; path = AppDelegate.swift; sourceTree = "<group>"; };
		1542C8C5247C0E7100C38D3D /* SceneDelegate.swift */ = {isa = PBXFileReference; lastKnownFileType = sourcecode.swift; path = SceneDelegate.swift; sourceTree = "<group>"; };
		1542C8C7247C0E7100C38D3D /* ViewController.swift */ = {isa = PBXFileReference; lastKnownFileType = sourcecode.swift; path = ViewController.swift; sourceTree = "<group>"; };
		1542C8CA247C0E7100C38D3D /* Base */ = {isa = PBXFileReference; lastKnownFileType = file.storyboard; name = Base; path = Base.lproj/Main.storyboard; sourceTree = "<group>"; };
		1542C8CC247C0E7500C38D3D /* Assets.xcassets */ = {isa = PBXFileReference; lastKnownFileType = folder.assetcatalog; path = Assets.xcassets; sourceTree = "<group>"; };
		1542C8CF247C0E7500C38D3D /* Base */ = {isa = PBXFileReference; lastKnownFileType = file.storyboard; name = Base; path = Base.lproj/LaunchScreen.storyboard; sourceTree = "<group>"; };
		1542C8D1247C0E7500C38D3D /* Info.plist */ = {isa = PBXFileReference; lastKnownFileType = text.plist.xml; path = Info.plist; sourceTree = "<group>"; };
		1542C8D7247C15A000C38D3D /* ChoiceViewController.swift */ = {isa = PBXFileReference; lastKnownFileType = sourcecode.swift; path = ChoiceViewController.swift; sourceTree = "<group>"; };
		1542C8D9247C1A3B00C38D3D /* MainTableViewCell.swift */ = {isa = PBXFileReference; lastKnownFileType = sourcecode.swift; path = MainTableViewCell.swift; sourceTree = "<group>"; };
		1542C8DA247C1A3B00C38D3D /* MainTableViewCell.xib */ = {isa = PBXFileReference; lastKnownFileType = file.xib; path = MainTableViewCell.xib; sourceTree = "<group>"; };
		1542C8DE247D64DA00C38D3D /* Curruncy.swift */ = {isa = PBXFileReference; lastKnownFileType = sourcecode.swift; path = Curruncy.swift; sourceTree = "<group>"; };
		1542C8E0247D64FC00C38D3D /* Gold.swift */ = {isa = PBXFileReference; lastKnownFileType = sourcecode.swift; path = Gold.swift; sourceTree = "<group>"; };
		1542C8E2247D657C00C38D3D /* Rate.swift */ = {isa = PBXFileReference; lastKnownFileType = sourcecode.swift; path = Rate.swift; sourceTree = "<group>"; };
		1542C8E5247D65C500C38D3D /* RawMaterials.swift */ = {isa = PBXFileReference; lastKnownFileType = sourcecode.swift; path = RawMaterials.swift; sourceTree = "<group>"; };
/* End PBXFileReference section */

/* Begin PBXFrameworksBuildPhase section */
		1542C8BD247C0E7100C38D3D /* Frameworks */ = {
			isa = PBXFrameworksBuildPhase;
			buildActionMask = 2147483647;
			files = (
			);
			runOnlyForDeploymentPostprocessing = 0;
		};
/* End PBXFrameworksBuildPhase section */

/* Begin PBXGroup section */
		1542C8B7247C0E7100C38D3D = {
			isa = PBXGroup;
			children = (
				1542C8C2247C0E7100C38D3D /* WhatYouWant */,
				1542C8C1247C0E7100C38D3D /* Products */,
			);
			sourceTree = "<group>";
		};
		1542C8C1247C0E7100C38D3D /* Products */ = {
			isa = PBXGroup;
			children = (
				1542C8C0247C0E7100C38D3D /* WhatYouWant.app */,
			);
			name = Products;
			sourceTree = "<group>";
		};
		1542C8C2247C0E7100C38D3D /* WhatYouWant */ = {
			isa = PBXGroup;
			children = (
				1542C8C3247C0E7100C38D3D /* AppDelegate.swift */,
				1542C8C5247C0E7100C38D3D /* SceneDelegate.swift */,
				1542C8C7247C0E7100C38D3D /* ViewController.swift */,
				1542C8D7247C15A000C38D3D /* ChoiceViewController.swift */,
				1542C8C9247C0E7100C38D3D /* Main.storyboard */,
				1542C8D9247C1A3B00C38D3D /* MainTableViewCell.swift */,
				1542C8DA247C1A3B00C38D3D /* MainTableViewCell.xib */,
				1542C8DD247D64A800C38D3D /* Data */,
				1542C8CC247C0E7500C38D3D /* Assets.xcassets */,
				1542C8CE247C0E7500C38D3D /* LaunchScreen.storyboard */,
				1542C8D1247C0E7500C38D3D /* Info.plist */,
			);
			path = WhatYouWant;
			sourceTree = "<group>";
		};
		1542C8DD247D64A800C38D3D /* Data */ = {
			isa = PBXGroup;
			children = (
				1542C8DE247D64DA00C38D3D /* Curruncy.swift */,
				1542C8E0247D64FC00C38D3D /* Gold.swift */,
				1542C8E2247D657C00C38D3D /* Rate.swift */,
				1542C8E5247D65C500C38D3D /* RawMaterials.swift */,
			);
			path = Data;
			sourceTree = "<group>";
		};
/* End PBXGroup section */

/* Begin PBXNativeTarget section */
		1542C8BF247C0E7100C38D3D /* WhatYouWant */ = {
			isa = PBXNativeTarget;
			buildConfigurationList = 1542C8D4247C0E7500C38D3D /* Build configuration list for PBXNativeTarget "WhatYouWant" */;
			buildPhases = (
				1542C8BC247C0E7100C38D3D /* Sources */,
				1542C8BD247C0E7100C38D3D /* Frameworks */,
				1542C8BE247C0E7100C38D3D /* Resources */,
			);
			buildRules = (
			);
			dependencies = (
			);
			name = WhatYouWant;
			productName = WhatYouWant;
			productReference = 1542C8C0247C0E7100C38D3D /* WhatYouWant.app */;
			productType = "com.apple.product-type.application";
		};
/* End PBXNativeTarget section */

/* Begin PBXProject section */
		1542C8B8247C0E7100C38D3D /* Project object */ = {
			isa = PBXProject;
			attributes = {
				LastSwiftUpdateCheck = 1140;
				LastUpgradeCheck = 1140;
				ORGANIZATIONNAME = "신효근";
				TargetAttributes = {
					1542C8BF247C0E7100C38D3D = {
						CreatedOnToolsVersion = 11.4;
					};
				};
			};
			buildConfigurationList = 1542C8BB247C0E7100C38D3D /* Build configuration list for PBXProject "WhatYouWant" */;
			compatibilityVersion = "Xcode 9.3";
			developmentRegion = en;
			hasScannedForEncodings = 0;
			knownRegions = (
				en,
				Base,
			);
			mainGroup = 1542C8B7247C0E7100C38D3D;
			productRefGroup = 1542C8C1247C0E7100C38D3D /* Products */;
			projectDirPath = "";
			projectRoot = "";
			targets = (
				1542C8BF247C0E7100C38D3D /* WhatYouWant */,
			);
		};
/* End PBXProject section */

/* Begin PBXResourcesBuildPhase section */
		1542C8BE247C0E7100C38D3D /* Resources */ = {
			isa = PBXResourcesBuildPhase;
			buildActionMask = 2147483647;
			files = (
				1542C8D0247C0E7500C38D3D /* LaunchScreen.storyboard in Resources */,
				1542C8CD247C0E7500C38D3D /* Assets.xcassets in Resources */,
				1542C8DC247C1A3B00C38D3D /* MainTableViewCell.xib in Resources */,
				1542C8CB247C0E7100C38D3D /* Main.storyboard in Resources */,
			);
			runOnlyForDeploymentPostprocessing = 0;
		};
/* End PBXResourcesBuildPhase section */

/* Begin PBXSourcesBuildPhase section */
		1542C8BC247C0E7100C38D3D /* Sources */ = {
			isa = PBXSourcesBuildPhase;
			buildActionMask = 2147483647;
			files = (
				1542C8E6247D65C500C38D3D /* RawMaterials.swift in Sources */,
				1542C8C8247C0E7100C38D3D /* ViewController.swift in Sources */,
				1542C8E3247D657C00C38D3D /* Rate.swift in Sources */,
				1542C8C4247C0E7100C38D3D /* AppDelegate.swift in Sources */,
				1542C8DF247D64DA00C38D3D /* Curruncy.swift in Sources */,
				1542C8E1247D64FC00C38D3D /* Gold.swift in Sources */,
				1542C8C6247C0E7100C38D3D /* SceneDelegate.swift in Sources */,
				1542C8D8247C15A000C38D3D /* ChoiceViewController.swift in Sources */,
				1542C8DB247C1A3B00C38D3D /* MainTableViewCell.swift in Sources */,
			);
			runOnlyForDeploymentPostprocessing = 0;
		};
/* End PBXSourcesBuildPhase section */

/* Begin PBXVariantGroup section */
		1542C8C9247C0E7100C38D3D /* Main.storyboard */ = {
			isa = PBXVariantGroup;
			children = (
				1542C8CA247C0E7100C38D3D /* Base */,
			);
			name = Main.storyboard;
			sourceTree = "<group>";
		};
		1542C8CE247C0E7500C38D3D /* LaunchScreen.storyboard */ = {
			isa = PBXVariantGroup;
			children = (
				1542C8CF247C0E7500C38D3D /* Base */,
			);
			name = LaunchScreen.storyboard;
			sourceTree = "<group>";
		};
/* End PBXVariantGroup section */

/* Begin XCBuildConfiguration section */
		1542C8D2247C0E7500C38D3D /* Debug */ = {
			isa = XCBuildConfiguration;
			buildSettings = {
				ALWAYS_SEARCH_USER_PATHS = NO;
				CLANG_ANALYZER_NONNULL = YES;
				CLANG_ANALYZER_NUMBER_OBJECT_CONVERSION = YES_AGGRESSIVE;
				CLANG_CXX_LANGUAGE_STANDARD = "gnu++14";
				CLANG_CXX_LIBRARY = "libc++";
				CLANG_ENABLE_MODULES = YES;
				CLANG_ENABLE_OBJC_ARC = YES;
				CLANG_ENABLE_OBJC_WEAK = YES;
				CLANG_WARN_BLOCK_CAPTURE_AUTORELEASING = YES;
				CLANG_WARN_BOOL_CONVERSION = YES;
				CLANG_WARN_COMMA = YES;
				CLANG_WARN_CONSTANT_CONVERSION = YES;
				CLANG_WARN_DEPRECATED_OBJC_IMPLEMENTATIONS = YES;
				CLANG_WARN_DIRECT_OBJC_ISA_USAGE = YES_ERROR;
				CLANG_WARN_DOCUMENTATION_COMMENTS = YES;
				CLANG_WARN_EMPTY_BODY = YES;
				CLANG_WARN_ENUM_CONVERSION = YES;
				CLANG_WARN_INFINITE_RECURSION = YES;
				CLANG_WARN_INT_CONVERSION = YES;
				CLANG_WARN_NON_LITERAL_NULL_CONVERSION = YES;
				CLANG_WARN_OBJC_IMPLICIT_RETAIN_SELF = YES;
				CLANG_WARN_OBJC_LITERAL_CONVERSION = YES;
				CLANG_WARN_OBJC_ROOT_CLASS = YES_ERROR;
				CLANG_WARN_RANGE_LOOP_ANALYSIS = YES;
				CLANG_WARN_STRICT_PROTOTYPES = YES;
				CLANG_WARN_SUSPICIOUS_MOVE = YES;
				CLANG_WARN_UNGUARDED_AVAILABILITY = YES_AGGRESSIVE;
				CLANG_WARN_UNREACHABLE_CODE = YES;
				CLANG_WARN__DUPLICATE_METHOD_MATCH = YES;
				COPY_PHASE_STRIP = NO;
				DEBUG_INFORMATION_FORMAT = dwarf;
				ENABLE_STRICT_OBJC_MSGSEND = YES;
				ENABLE_TESTABILITY = YES;
				GCC_C_LANGUAGE_STANDARD = gnu11;
				GCC_DYNAMIC_NO_PIC = NO;
				GCC_NO_COMMON_BLOCKS = YES;
				GCC_OPTIMIZATION_LEVEL = 0;
				GCC_PREPROCESSOR_DEFINITIONS = (
					"DEBUG=1",
					"$(inherited)",
				);
				GCC_WARN_64_TO_32_BIT_CONVERSION = YES;
				GCC_WARN_ABOUT_RETURN_TYPE = YES_ERROR;
				GCC_WARN_UNDECLARED_SELECTOR = YES;
				GCC_WARN_UNINITIALIZED_AUTOS = YES_AGGRESSIVE;
				GCC_WARN_UNUSED_FUNCTION = YES;
				GCC_WARN_UNUSED_VARIABLE = YES;
				IPHONEOS_DEPLOYMENT_TARGET = 13.4;
				MTL_ENABLE_DEBUG_INFO = INCLUDE_SOURCE;
				MTL_FAST_MATH = YES;
				ONLY_ACTIVE_ARCH = YES;
				SDKROOT = iphoneos;
				SWIFT_ACTIVE_COMPILATION_CONDITIONS = DEBUG;
				SWIFT_OPTIMIZATION_LEVEL = "-Onone";
			};
			name = Debug;
		};
		1542C8D3247C0E7500C38D3D /* Release */ = {
			isa = XCBuildConfiguration;
			buildSettings = {
				ALWAYS_SEARCH_USER_PATHS = NO;
				CLANG_ANALYZER_NONNULL = YES;
				CLANG_ANALYZER_NUMBER_OBJECT_CONVERSION = YES_AGGRESSIVE;
				CLANG_CXX_LANGUAGE_STANDARD = "gnu++14";
				CLANG_CXX_LIBRARY = "libc++";
				CLANG_ENABLE_MODULES = YES;
				CLANG_ENABLE_OBJC_ARC = YES;
				CLANG_ENABLE_OBJC_WEAK = YES;
				CLANG_WARN_BLOCK_CAPTURE_AUTORELEASING = YES;
				CLANG_WARN_BOOL_CONVERSION = YES;
				CLANG_WARN_COMMA = YES;
				CLANG_WARN_CONSTANT_CONVERSION = YES;
				CLANG_WARN_DEPRECATED_OBJC_IMPLEMENTATIONS = YES;
				CLANG_WARN_DIRECT_OBJC_ISA_USAGE = YES_ERROR;
				CLANG_WARN_DOCUMENTATION_COMMENTS = YES;
				CLANG_WARN_EMPTY_BODY = YES;
				CLANG_WARN_ENUM_CONVERSION = YES;
				CLANG_WARN_INFINITE_RECURSION = YES;
				CLANG_WARN_INT_CONVERSION = YES;
				CLANG_WARN_NON_LITERAL_NULL_CONVERSION = YES;
				CLANG_WARN_OBJC_IMPLICIT_RETAIN_SELF = YES;
				CLANG_WARN_OBJC_LITERAL_CONVERSION = YES;
				CLANG_WARN_OBJC_ROOT_CLASS = YES_ERROR;
				CLANG_WARN_RANGE_LOOP_ANALYSIS = YES;
				CLANG_WARN_STRICT_PROTOTYPES = YES;
				CLANG_WARN_SUSPICIOUS_MOVE = YES;
				CLANG_WARN_UNGUARDED_AVAILABILITY = YES_AGGRESSIVE;
				CLANG_WARN_UNREACHABLE_CODE = YES;
				CLANG_WARN__DUPLICATE_METHOD_MATCH = YES;
				COPY_PHASE_STRIP = NO;
				DEBUG_INFORMATION_FORMAT = "dwarf-with-dsym";
				ENABLE_NS_ASSERTIONS = NO;
				ENABLE_STRICT_OBJC_MSGSEND = YES;
				GCC_C_LANGUAGE_STANDARD = gnu11;
				GCC_NO_COMMON_BLOCKS = YES;
				GCC_WARN_64_TO_32_BIT_CONVERSION = YES;
				GCC_WARN_ABOUT_RETURN_TYPE = YES_ERROR;
				GCC_WARN_UNDECLARED_SELECTOR = YES;
				GCC_WARN_UNINITIALIZED_AUTOS = YES_AGGRESSIVE;
				GCC_WARN_UNUSED_FUNCTION = YES;
				GCC_WARN_UNUSED_VARIABLE = YES;
				IPHONEOS_DEPLOYMENT_TARGET = 13.4;
				MTL_ENABLE_DEBUG_INFO = NO;
				MTL_FAST_MATH = YES;
				SDKROOT = iphoneos;
				SWIFT_COMPILATION_MODE = wholemodule;
				SWIFT_OPTIMIZATION_LEVEL = "-O";
				VALIDATE_PRODUCT = YES;
			};
			name = Release;
		};
		1542C8D5247C0E7500C38D3D /* Debug */ = {
			isa = XCBuildConfiguration;
			buildSettings = {
				ASSETCATALOG_COMPILER_APPICON_NAME = AppIcon;
				CODE_SIGN_STYLE = Automatic;
				INFOPLIST_FILE = WhatYouWant/Info.plist;
				LD_RUNPATH_SEARCH_PATHS = (
					"$(inherited)",
					"@executable_path/Frameworks",
				);
				PRODUCT_BUNDLE_IDENTIFIER = com.shinhyogeun.WhatYouWant;
				PRODUCT_NAME = "$(TARGET_NAME)";
				SWIFT_VERSION = 5.0;
				TARGETED_DEVICE_FAMILY = "1,2";
			};
			name = Debug;
		};
		1542C8D6247C0E7500C38D3D /* Release */ = {
			isa = XCBuildConfiguration;
			buildSettings = {
				ASSETCATALOG_COMPILER_APPICON_NAME = AppIcon;
				CODE_SIGN_STYLE = Automatic;
				INFOPLIST_FILE = WhatYouWant/Info.plist;
				LD_RUNPATH_SEARCH_PATHS = (
					"$(inherited)",
					"@executable_path/Frameworks",
				);
				PRODUCT_BUNDLE_IDENTIFIER = com.shinhyogeun.WhatYouWant;
				PRODUCT_NAME = "$(TARGET_NAME)";
				SWIFT_VERSION = 5.0;
				TARGETED_DEVICE_FAMILY = "1,2";
			};
			name = Release;
		};
/* End XCBuildConfiguration section */

/* Begin XCConfigurationList section */
		1542C8BB247C0E7100C38D3D /* Build configuration list for PBXProject "WhatYouWant" */ = {
			isa = XCConfigurationList;
			buildConfigurations = (
				1542C8D2247C0E7500C38D3D /* Debug */,
				1542C8D3247C0E7500C38D3D /* Release */,
			);
			defaultConfigurationIsVisible = 0;
			defaultConfigurationName = Release;
		};
		1542C8D4247C0E7500C38D3D /* Build configuration list for PBXNativeTarget "WhatYouWant" */ = {
			isa = XCConfigurationList;
			buildConfigurations = (
				1542C8D5247C0E7500C38D3D /* Debug */,
				1542C8D6247C0E7500C38D3D /* Release */,
			);
			defaultConfigurationIsVisible = 0;
			defaultConfigurationName = Release;
		};
/* End XCConfigurationList section */
	};
	rootObject = 1542C8B8247C0E7100C38D3D /* Project object */;
}
